
Microsoft Visual Studio Solution File, Format Version 12.00
# Visual Studio 15
VisualStudioVersion = 15.0.28010.2046
MinimumVisualStudioVersion = 10.0.40219.1
Project("{FAE04EC0-301F-11D3-BF4B-00C04F79EFBC}") = "CatalogoHQ", "CatalogoHQ\CatalogoHQ.csproj", "{C1140CF3-713A-4673-8255-81BC0EAA44A1}"
EndProject
Global
	GlobalSection(SolutionConfigurationPlatforms) = preSolution
		Debug|Any CPU = Debug|Any CPU
		Release|Any CPU = Release|Any CPU
	EndGlobalSection
	GlobalSection(ProjectConfigurationPlatforms) = postSolution
		{C1140CF3-713A-4673-8255-81BC0EAA44A1}.Debug|Any CPU.ActiveCfg = Debug|Any CPU
		{C1140CF3-713A-4673-8255-81BC0EAA44A1}.Debug|Any CPU.Build.0 = Debug|Any CPU
		{C1140CF3-713A-4673-8255-81BC0EAA44A1}.Release|Any CPU.ActiveCfg = Release|Any CPU
		{C1140CF3-713A-4673-8255-81BC0EAA44A1}.Release|Any CPU.Build.0 = Release|Any CPU
	EndGlobalSection
	GlobalSection(SolutionProperties) = preSolution
		HideSolutionNode = FALSE
	EndGlobalSection
	GlobalSection(ExtensibilityGlobals) = postSolution
		SolutionGuid = {1F41F763-BE6C-4170-BFB9-01234A373F83}
	EndGlobalSection
EndGlobal
